
Microsoft Visual Studio Solution File, Format Version 12.00
# Visual Studio Version 16
VisualStudioVersion = 16.0.31515.178
MinimumVisualStudioVersion = 10.0.40219.1
Project("{FAE04EC0-301F-11D3-BF4B-00C04F79EFBC}") = "zadaniezborderami", "zadaniezborderami\zadaniezborderami.csproj", "{70DC844C-7E0E-4513-8722-DFACEA07858B}"
EndProject
Global
	GlobalSection(SolutionConfigurationPlatforms) = preSolution
		Debug|Any CPU = Debug|Any CPU
		Release|Any CPU = Release|Any CPU
	EndGlobalSection
	GlobalSection(ProjectConfigurationPlatforms) = postSolution
		{70DC844C-7E0E-4513-8722-DFACEA07858B}.Debug|Any CPU.ActiveCfg = Debug|Any CPU
		{70DC844C-7E0E-4513-8722-DFACEA07858B}.Debug|Any CPU.Build.0 = Debug|Any CPU
		{70DC844C-7E0E-4513-8722-DFACEA07858B}.Release|Any CPU.ActiveCfg = Release|Any CPU
		{70DC844C-7E0E-4513-8722-DFACEA07858B}.Release|Any CPU.Build.0 = Release|Any CPU
	EndGlobalSection
	GlobalSection(SolutionProperties) = preSolution
		HideSolutionNode = FALSE
	EndGlobalSection
	GlobalSection(ExtensibilityGlobals) = postSolution
		SolutionGuid = {4B1CDA9A-6E25-48E1-B63D-57D5D50BA9D2}
	EndGlobalSection
EndGlobal
